
Microsoft Visual Studio Solution File, Format Version 12.00
# Visual Studio 15
VisualStudioVersion = 15.0.28010.2026
MinimumVisualStudioVersion = 10.0.40219.1
Project("{FAE04EC0-301F-11D3-BF4B-00C04F79EFBC}") = "InClassLab28", "InClassLab28\InClassLab28.csproj", "{A1C208A9-9DA4-4B78-9642-F6E06B3ECD7E}"
EndProject
Global
	GlobalSection(SolutionConfigurationPlatforms) = preSolution
		Debug|Any CPU = Debug|Any CPU
		Release|Any CPU = Release|Any CPU
	EndGlobalSection
	GlobalSection(ProjectConfigurationPlatforms) = postSolution
		{A1C208A9-9DA4-4B78-9642-F6E06B3ECD7E}.Debug|Any CPU.ActiveCfg = Debug|Any CPU
		{A1C208A9-9DA4-4B78-9642-F6E06B3ECD7E}.Debug|Any CPU.Build.0 = Debug|Any CPU
		{A1C208A9-9DA4-4B78-9642-F6E06B3ECD7E}.Release|Any CPU.ActiveCfg = Release|Any CPU
		{A1C208A9-9DA4-4B78-9642-F6E06B3ECD7E}.Release|Any CPU.Build.0 = Release|Any CPU
	EndGlobalSection
	GlobalSection(SolutionProperties) = preSolution
		HideSolutionNode = FALSE
	EndGlobalSection
	GlobalSection(ExtensibilityGlobals) = postSolution
		SolutionGuid = {9CDDE39B-4B05-4176-843C-881EF2707BDD}
	EndGlobalSection
EndGlobal
